
Microsoft Visual Studio Solution File, Format Version 12.00
# Visual Studio Version 17
VisualStudioVersion = 17.6.33723.286
MinimumVisualStudioVersion = 10.0.40219.1
Project("{FAE04EC0-301F-11D3-BF4B-00C04F79EFBC}") = "HR_test", "HR_test\HR_test.csproj", "{11EEF4F0-D743-4353-BD09-8F38CE677173}"
EndProject
Global
	GlobalSection(SolutionConfigurationPlatforms) = preSolution
		Debug|Any CPU = Debug|Any CPU
		Release|Any CPU = Release|Any CPU
	EndGlobalSection
	GlobalSection(ProjectConfigurationPlatforms) = postSolution
		{11EEF4F0-D743-4353-BD09-8F38CE677173}.Debug|Any CPU.ActiveCfg = Debug|Any CPU
		{11EEF4F0-D743-4353-BD09-8F38CE677173}.Debug|Any CPU.Build.0 = Debug|Any CPU
		{11EEF4F0-D743-4353-BD09-8F38CE677173}.Release|Any CPU.ActiveCfg = Release|Any CPU
		{11EEF4F0-D743-4353-BD09-8F38CE677173}.Release|Any CPU.Build.0 = Release|Any CPU
	EndGlobalSection
	GlobalSection(SolutionProperties) = preSolution
		HideSolutionNode = FALSE
	EndGlobalSection
	GlobalSection(ExtensibilityGlobals) = postSolution
		SolutionGuid = {8F2ACF09-902D-4605-85FF-E192E4F9E6BA}
	EndGlobalSection
EndGlobal
